
Microsoft Visual Studio Solution File, Format Version 12.00
# Visual Studio Version 16
VisualStudioVersion = 16.0.29519.87
MinimumVisualStudioVersion = 10.0.40219.1
Project("{FAE04EC0-301F-11D3-BF4B-00C04F79EFBC}") = "MyClass.Android", "MyClass\MyClass.Android\MyClass.Android.csproj", "{29A7CED1-F196-4D36-ADDE-D8CBD998EDD4}"
EndProject
Project("{FAE04EC0-301F-11D3-BF4B-00C04F79EFBC}") = "MyClass.iOS", "MyClass\MyClass.iOS\MyClass.iOS.csproj", "{36B46CDD-833E-4E72-98AA-DE188F47BBD6}"
EndProject
Project("{FAE04EC0-301F-11D3-BF4B-00C04F79EFBC}") = "MyClass", "MyClass\MyClass\MyClass.csproj", "{652A2978-FA75-4B0B-91E0-DEB7A179F75A}"
EndProject
Global
	GlobalSection(SolutionConfigurationPlatforms) = preSolution
		Debug|Any CPU = Debug|Any CPU
		Debug|iPhone = Debug|iPhone
		Debug|iPhoneSimulator = Debug|iPhoneSimulator
		Release|Any CPU = Release|Any CPU
		Release|iPhone = Release|iPhone
		Release|iPhoneSimulator = Release|iPhoneSimulator
	EndGlobalSection
	GlobalSection(ProjectConfigurationPlatforms) = postSolution
		{29A7CED1-F196-4D36-ADDE-D8CBD998EDD4}.Debug|Any CPU.ActiveCfg = Debug|Any CPU
		{29A7CED1-F196-4D36-ADDE-D8CBD998EDD4}.Debug|Any CPU.Build.0 = Debug|Any CPU
		{29A7CED1-F196-4D36-ADDE-D8CBD998EDD4}.Debug|Any CPU.Deploy.0 = Debug|Any CPU
		{29A7CED1-F196-4D36-ADDE-D8CBD998EDD4}.Debug|iPhone.ActiveCfg = Debug|Any CPU
		{29A7CED1-F196-4D36-ADDE-D8CBD998EDD4}.Debug|iPhone.Build.0 = Debug|Any CPU
		{29A7CED1-F196-4D36-ADDE-D8CBD998EDD4}.Debug|iPhone.Deploy.0 = Debug|Any CPU
		{29A7CED1-F196-4D36-ADDE-D8CBD998EDD4}.Debug|iPhoneSimulator.ActiveCfg = Debug|Any CPU
		{29A7CED1-F196-4D36-ADDE-D8CBD998EDD4}.Debug|iPhoneSimulator.Build.0 = Debug|Any CPU
		{29A7CED1-F196-4D36-ADDE-D8CBD998EDD4}.Debug|iPhoneSimulator.Deploy.0 = Debug|Any CPU
		{29A7CED1-F196-4D36-ADDE-D8CBD998EDD4}.Release|Any CPU.ActiveCfg = Release|Any CPU
		{29A7CED1-F196-4D36-ADDE-D8CBD998EDD4}.Release|Any CPU.Build.0 = Release|Any CPU
		{29A7CED1-F196-4D36-ADDE-D8CBD998EDD4}.Release|Any CPU.Deploy.0 = Release|Any CPU
		{29A7CED1-F196-4D36-ADDE-D8CBD998EDD4}.Release|iPhone.ActiveCfg = Release|Any CPU
		{29A7CED1-F196-4D36-ADDE-D8CBD998EDD4}.Release|iPhone.Build.0 = Release|Any CPU
		{29A7CED1-F196-4D36-ADDE-D8CBD998EDD4}.Release|iPhone.Deploy.0 = Release|Any CPU
		{29A7CED1-F196-4D36-ADDE-D8CBD998EDD4}.Release|iPhoneSimulator.ActiveCfg = Release|Any CPU
		{29A7CED1-F196-4D36-ADDE-D8CBD998EDD4}.Release|iPhoneSimulator.Build.0 = Release|Any CPU
		{29A7CED1-F196-4D36-ADDE-D8CBD998EDD4}.Release|iPhoneSimulator.Deploy.0 = Release|Any CPU
		{36B46CDD-833E-4E72-98AA-DE188F47BBD6}.Debug|Any CPU.ActiveCfg = Debug|iPhoneSimulator
		{36B46CDD-833E-4E72-98AA-DE188F47BBD6}.Debug|Any CPU.Build.0 = Debug|iPhoneSimulator
		{36B46CDD-833E-4E72-98AA-DE188F47BBD6}.Debug|Any CPU.Deploy.0 = Debug|iPhoneSimulator
		{36B46CDD-833E-4E72-98AA-DE188F47BBD6}.Debug|iPhone.ActiveCfg = Debug|iPhone
		{36B46CDD-833E-4E72-98AA-DE188F47BBD6}.Debug|iPhone.Build.0 = Debug|iPhone
		{36B46CDD-833E-4E72-98AA-DE188F47BBD6}.Debug|iPhone.Deploy.0 = Debug|iPhone
		{36B46CDD-833E-4E72-98AA-DE188F47BBD6}.Debug|iPhoneSimulator.ActiveCfg = Debug|iPhoneSimulator
		{36B46CDD-833E-4E72-98AA-DE188F47BBD6}.Debug|iPhoneSimulator.Build.0 = Debug|iPhoneSimulator
		{36B46CDD-833E-4E72-98AA-DE188F47BBD6}.Debug|iPhoneSimulator.Deploy.0 = Debug|iPhoneSimulator
		{36B46CDD-833E-4E72-98AA-DE188F47BBD6}.Release|Any CPU.ActiveCfg = Release|iPhone
		{36B46CDD-833E-4E72-98AA-DE188F47BBD6}.Release|Any CPU.Build.0 = Release|iPhone
		{36B46CDD-833E-4E72-98AA-DE188F47BBD6}.Release|Any CPU.Deploy.0 = Release|iPhone
		{36B46CDD-833E-4E72-98AA-DE188F47BBD6}.Release|iPhone.ActiveCfg = Release|iPhone
		{36B46CDD-833E-4E72-98AA-DE188F47BBD6}.Release|iPhone.Build.0 = Release|iPhone
		{36B46CDD-833E-4E72-98AA-DE188F47BBD6}.Release|iPhone.Deploy.0 = Release|iPhone
		{36B46CDD-833E-4E72-98AA-DE188F47BBD6}.Release|iPhoneSimulator.ActiveCfg = Release|iPhoneSimulator
		{36B46CDD-833E-4E72-98AA-DE188F47BBD6}.Release|iPhoneSimulator.Build.0 = Release|iPhoneSimulator
		{36B46CDD-833E-4E72-98AA-DE188F47BBD6}.Release|iPhoneSimulator.Deploy.0 = Release|iPhoneSimulator
		{652A2978-FA75-4B0B-91E0-DEB7A179F75A}.Debug|Any CPU.ActiveCfg = Debug|Any CPU
		{652A2978-FA75-4B0B-91E0-DEB7A179F75A}.Debug|Any CPU.Build.0 = Debug|Any CPU
		{652A2978-FA75-4B0B-91E0-DEB7A179F75A}.Debug|Any CPU.Deploy.0 = Debug|Any CPU
		{652A2978-FA75-4B0B-91E0-DEB7A179F75A}.Debug|iPhone.ActiveCfg = Debug|Any CPU
		{652A2978-FA75-4B0B-91E0-DEB7A179F75A}.Debug|iPhone.Build.0 = Debug|Any CPU
		{652A2978-FA75-4B0B-91E0-DEB7A179F75A}.Debug|iPhone.Deploy.0 = Debug|Any CPU
		{652A2978-FA75-4B0B-91E0-DEB7A179F75A}.Debug|iPhoneSimulator.ActiveCfg = Debug|Any CPU
		{652A2978-FA75-4B0B-91E0-DEB7A179F75A}.Debug|iPhoneSimulator.Build.0 = Debug|Any CPU
		{652A2978-FA75-4B0B-91E0-DEB7A179F75A}.Debug|iPhoneSimulator.Deploy.0 = Debug|Any CPU
		{652A2978-FA75-4B0B-91E0-DEB7A179F75A}.Release|Any CPU.ActiveCfg = Release|Any CPU
		{652A2978-FA75-4B0B-91E0-DEB7A179F75A}.Release|Any CPU.Build.0 = Release|Any CPU
		{652A2978-FA75-4B0B-91E0-DEB7A179F75A}.Release|Any CPU.Deploy.0 = Release|Any CPU
		{652A2978-FA75-4B0B-91E0-DEB7A179F75A}.Release|iPhone.ActiveCfg = Release|Any CPU
		{652A2978-FA75-4B0B-91E0-DEB7A179F75A}.Release|iPhone.Build.0 = Release|Any CPU
		{652A2978-FA75-4B0B-91E0-DEB7A179F75A}.Release|iPhone.Deploy.0 = Release|Any CPU
		{652A2978-FA75-4B0B-91E0-DEB7A179F75A}.Release|iPhoneSimulator.ActiveCfg = Release|Any CPU
		{652A2978-FA75-4B0B-91E0-DEB7A179F75A}.Release|iPhoneSimulator.Build.0 = Release|Any CPU
		{652A2978-FA75-4B0B-91E0-DEB7A179F75A}.Release|iPhoneSimulator.Deploy.0 = Release|Any CPU
	EndGlobalSection
	GlobalSection(SolutionProperties) = preSolution
		HideSolutionNode = FALSE
	EndGlobalSection
	GlobalSection(ExtensibilityGlobals) = postSolution
		SolutionGuid = {12E7E5E6-0DCF-47CD-9EB4-C5954A4C88E8}
	EndGlobalSection
EndGlobal
